// !$*UTF8*$!
{
	archiveVersion = 1;
	classes = {
	};
	objectVersion = 46;
	objects = {

/* Begin PBXBuildFile section */
		32473D7B1F33563C005C7BB9 /* GroupModelRealm.swift in Sources */ = {isa = PBXBuildFile; fileRef = 32473D7A1F33563C005C7BB9 /* GroupModelRealm.swift */; };
		32473D7D1F335B6F005C7BB9 /* ProductModelRealm.swift in Sources */ = {isa = PBXBuildFile; fileRef = 32473D7C1F335B6F005C7BB9 /* ProductModelRealm.swift */; };
		32473D801F335D27005C7BB9 /* Products.json in Resources */ = {isa = PBXBuildFile; fileRef = 32473D7F1F335D27005C7BB9 /* Products.json */; };
		32516C2B1F39C68A0099EFF8 /* ListsLists.swift in Sources */ = {isa = PBXBuildFile; fileRef = 32516C2A1F39C68A0099EFF8 /* ListsLists.swift */; };
		32871D681F388F6C006E6942 /* List.swift in Sources */ = {isa = PBXBuildFile; fileRef = 32871D671F388F6C006E6942 /* List.swift */; };
		32871D6B1F38A9CF006E6942 /* ButtonCorner.swift in Sources */ = {isa = PBXBuildFile; fileRef = 32871D6A1F38A9CF006E6942 /* ButtonCorner.swift */; };
		328E05CB1F31F33400D9824F /* AppDelegate.swift in Sources */ = {isa = PBXBuildFile; fileRef = 328E05CA1F31F33400D9824F /* AppDelegate.swift */; };
		328E05CD1F31F33400D9824F /* ViewController.swift in Sources */ = {isa = PBXBuildFile; fileRef = 328E05CC1F31F33400D9824F /* ViewController.swift */; };
		328E05D01F31F33500D9824F /* Main.storyboard in Resources */ = {isa = PBXBuildFile; fileRef = 328E05CE1F31F33500D9824F /* Main.storyboard */; };
		328E05D21F31F33500D9824F /* Assets.xcassets in Resources */ = {isa = PBXBuildFile; fileRef = 328E05D11F31F33500D9824F /* Assets.xcassets */; };
		328E05D51F31F33500D9824F /* LaunchScreen.storyboard in Resources */ = {isa = PBXBuildFile; fileRef = 328E05D31F31F33500D9824F /* LaunchScreen.storyboard */; };
		328E05DD1F32011E00D9824F /* Group.json in Resources */ = {isa = PBXBuildFile; fileRef = 328E05DC1F32011E00D9824F /* Group.json */; };
		E5BC4B024FB3F170532492A6 /* Pods_ProductList.framework in Frameworks */ = {isa = PBXBuildFile; fileRef = 5DFAEC595787A336A77BB51F /* Pods_ProductList.framework */; };
/* End PBXBuildFile section */

/* Begin PBXFileReference section */
		32473D7A1F33563C005C7BB9 /* GroupModelRealm.swift */ = {isa = PBXFileReference; fileEncoding = 4; lastKnownFileType = sourcecode.swift; path = GroupModelRealm.swift; sourceTree = "<group>"; };
		32473D7C1F335B6F005C7BB9 /* ProductModelRealm.swift */ = {isa = PBXFileReference; fileEncoding = 4; lastKnownFileType = sourcecode.swift; path = ProductModelRealm.swift; sourceTree = "<group>"; };
		32473D7F1F335D27005C7BB9 /* Products.json */ = {isa = PBXFileReference; fileEncoding = 4; lastKnownFileType = text.json; path = Products.json; sourceTree = "<group>"; };
		32516C2A1F39C68A0099EFF8 /* ListsLists.swift */ = {isa = PBXFileReference; fileEncoding = 4; lastKnownFileType = sourcecode.swift; path = ListsLists.swift; sourceTree = "<group>"; };
		32871D671F388F6C006E6942 /* List.swift */ = {isa = PBXFileReference; fileEncoding = 4; lastKnownFileType = sourcecode.swift; path = List.swift; sourceTree = "<group>"; };
		32871D6A1F38A9CF006E6942 /* ButtonCorner.swift */ = {isa = PBXFileReference; fileEncoding = 4; lastKnownFileType = sourcecode.swift; path = ButtonCorner.swift; sourceTree = "<group>"; };
		328E05C71F31F33400D9824F /* ProductList.app */ = {isa = PBXFileReference; explicitFileType = wrapper.application; includeInIndex = 0; path = ProductList.app; sourceTree = BUILT_PRODUCTS_DIR; };
		328E05CA1F31F33400D9824F /* AppDelegate.swift */ = {isa = PBXFileReference; lastKnownFileType = sourcecode.swift; path = AppDelegate.swift; sourceTree = "<group>"; };
		328E05CC1F31F33400D9824F /* ViewController.swift */ = {isa = PBXFileReference; lastKnownFileType = sourcecode.swift; path = ViewController.swift; sourceTree = "<group>"; };
		328E05CF1F31F33500D9824F /* Base */ = {isa = PBXFileReference; lastKnownFileType = file.storyboard; name = Base; path = Base.lproj/Main.storyboard; sourceTree = "<group>"; };
		328E05D11F31F33500D9824F /* Assets.xcassets */ = {isa = PBXFileReference; lastKnownFileType = folder.assetcatalog; path = Assets.xcassets; sourceTree = "<group>"; };
		328E05D41F31F33500D9824F /* Base */ = {isa = PBXFileReference; lastKnownFileType = file.storyboard; name = Base; path = Base.lproj/LaunchScreen.storyboard; sourceTree = "<group>"; };
		328E05D61F31F33500D9824F /* Info.plist */ = {isa = PBXFileReference; lastKnownFileType = text.plist.xml; path = Info.plist; sourceTree = "<group>"; };
		328E05DC1F32011E00D9824F /* Group.json */ = {isa = PBXFileReference; fileEncoding = 4; lastKnownFileType = text.json; path = Group.json; sourceTree = "<group>"; };
		4D7BE87EAEED1A5C3BD82EDF /* Pods-ProductList.release.xcconfig */ = {isa = PBXFileReference; includeInIndex = 1; lastKnownFileType = text.xcconfig; name = "Pods-ProductList.release.xcconfig"; path = "Pods/Target Support Files/Pods-ProductList/Pods-ProductList.release.xcconfig"; sourceTree = "<group>"; };
		56AAE617404DD5A8A31CDA28 /* Pods-ProductList.debug.xcconfig */ = {isa = PBXFileReference; includeInIndex = 1; lastKnownFileType = text.xcconfig; name = "Pods-ProductList.debug.xcconfig"; path = "Pods/Target Support Files/Pods-ProductList/Pods-ProductList.debug.xcconfig"; sourceTree = "<group>"; };
		5DFAEC595787A336A77BB51F /* Pods_ProductList.framework */ = {isa = PBXFileReference; explicitFileType = wrapper.framework; includeInIndex = 0; path = Pods_ProductList.framework; sourceTree = BUILT_PRODUCTS_DIR; };
/* End PBXFileReference section */

/* Begin PBXFrameworksBuildPhase section */
		328E05C41F31F33400D9824F /* Frameworks */ = {
			isa = PBXFrameworksBuildPhase;
			buildActionMask = 2147483647;
			files = (
				E5BC4B024FB3F170532492A6 /* Pods_ProductList.framework in Frameworks */,
			);
			runOnlyForDeploymentPostprocessing = 0;
		};
/* End PBXFrameworksBuildPhase section */

/* Begin PBXGroup section */
		32473D791F3355F6005C7BB9 /* Model */ = {
			isa = PBXGroup;
			children = (
				32473D7A1F33563C005C7BB9 /* GroupModelRealm.swift */,
				32473D7C1F335B6F005C7BB9 /* ProductModelRealm.swift */,
				32871D671F388F6C006E6942 /* List.swift */,
				32871D6A1F38A9CF006E6942 /* ButtonCorner.swift */,
			);
			name = Model;
			sourceTree = "<group>";
		};
		32473D7E1F335D0C005C7BB9 /* Files */ = {
			isa = PBXGroup;
			children = (
				328E05DC1F32011E00D9824F /* Group.json */,
				32473D7F1F335D27005C7BB9 /* Products.json */,
			);
			name = Files;
			sourceTree = "<group>";
		};
		32516C291F39C05E0099EFF8 /* ListsLists */ = {
			isa = PBXGroup;
			children = (
				32473D791F3355F6005C7BB9 /* Model */,
				32871D691F389E85006E6942 /* Controller */,
			);
			name = ListsLists;
			sourceTree = "<group>";
		};
		32871D691F389E85006E6942 /* Controller */ = {
			isa = PBXGroup;
			children = (
				328E05CC1F31F33400D9824F /* ViewController.swift */,
				32516C2A1F39C68A0099EFF8 /* ListsLists.swift */,
			);
			name = Controller;
			sourceTree = "<group>";
		};
		328E05BE1F31F33300D9824F = {
			isa = PBXGroup;
			children = (
				328E05C91F31F33400D9824F /* ProductList */,
				328E05C81F31F33400D9824F /* Products */,
				B53AA714E35173B68BA08549 /* Pods */,
				9182A99F90623B9F0FD7B361 /* Frameworks */,
			);
			sourceTree = "<group>";
		};
		328E05C81F31F33400D9824F /* Products */ = {
			isa = PBXGroup;
			children = (
				328E05C71F31F33400D9824F /* ProductList.app */,
			);
			name = Products;
			sourceTree = "<group>";
		};
		328E05C91F31F33400D9824F /* ProductList */ = {
			isa = PBXGroup;
			children = (
				32516C291F39C05E0099EFF8 /* ListsLists */,
				32473D7E1F335D0C005C7BB9 /* Files */,
				328E05CA1F31F33400D9824F /* AppDelegate.swift */,
				328E05CE1F31F33500D9824F /* Main.storyboard */,
				328E05D11F31F33500D9824F /* Assets.xcassets */,
				328E05D31F31F33500D9824F /* LaunchScreen.storyboard */,
				328E05D61F31F33500D9824F /* Info.plist */,
			);
			path = ProductList;
			sourceTree = "<group>";
		};
		9182A99F90623B9F0FD7B361 /* Frameworks */ = {
			isa = PBXGroup;
			children = (
				5DFAEC595787A336A77BB51F /* Pods_ProductList.framework */,
			);
			name = Frameworks;
			sourceTree = "<group>";
		};
		B53AA714E35173B68BA08549 /* Pods */ = {
			isa = PBXGroup;
			children = (
				56AAE617404DD5A8A31CDA28 /* Pods-ProductList.debug.xcconfig */,
				4D7BE87EAEED1A5C3BD82EDF /* Pods-ProductList.release.xcconfig */,
			);
			name = Pods;
			sourceTree = "<group>";
		};
/* End PBXGroup section */

/* Begin PBXNativeTarget section */
		328E05C61F31F33400D9824F /* ProductList */ = {
			isa = PBXNativeTarget;
			buildConfigurationList = 328E05D91F31F33500D9824F /* Build configuration list for PBXNativeTarget "ProductList" */;
			buildPhases = (
				AB74F9AD450455ACE0FFFF65 /* [CP] Check Pods Manifest.lock */,
				328E05C31F31F33400D9824F /* Sources */,
				328E05C41F31F33400D9824F /* Frameworks */,
				328E05C51F31F33400D9824F /* Resources */,
				3CED80AF24FCCB005BCD3BF5 /* [CP] Embed Pods Frameworks */,
				7C63BA3A0FF5CA699E2F2B1F /* [CP] Copy Pods Resources */,
			);
			buildRules = (
			);
			dependencies = (
			);
			name = ProductList;
			productName = ProductList;
			productReference = 328E05C71F31F33400D9824F /* ProductList.app */;
			productType = "com.apple.product-type.application";
		};
/* End PBXNativeTarget section */

/* Begin PBXProject section */
		328E05BF1F31F33300D9824F /* Project object */ = {
			isa = PBXProject;
			attributes = {
				LastSwiftUpdateCheck = 0830;
				LastUpgradeCheck = 0830;
				ORGANIZATIONNAME = dima;
				TargetAttributes = {
					328E05C61F31F33400D9824F = {
						CreatedOnToolsVersion = 8.3.1;
						ProvisioningStyle = Automatic;
					};
				};
			};
			buildConfigurationList = 328E05C21F31F33300D9824F /* Build configuration list for PBXProject "ProductList" */;
			compatibilityVersion = "Xcode 3.2";
			developmentRegion = English;
			hasScannedForEncodings = 0;
			knownRegions = (
				en,
				Base,
			);
			mainGroup = 328E05BE1F31F33300D9824F;
			productRefGroup = 328E05C81F31F33400D9824F /* Products */;
			projectDirPath = "";
			projectRoot = "";
			targets = (
				328E05C61F31F33400D9824F /* ProductList */,
			);
		};
/* End PBXProject section */

/* Begin PBXResourcesBuildPhase section */
		328E05C51F31F33400D9824F /* Resources */ = {
			isa = PBXResourcesBuildPhase;
			buildActionMask = 2147483647;
			files = (
				32473D801F335D27005C7BB9 /* Products.json in Resources */,
				328E05DD1F32011E00D9824F /* Group.json in Resources */,
				328E05D51F31F33500D9824F /* LaunchScreen.storyboard in Resources */,
				328E05D21F31F33500D9824F /* Assets.xcassets in Resources */,
				328E05D01F31F33500D9824F /* Main.storyboard in Resources */,
			);
			runOnlyForDeploymentPostprocessing = 0;
		};
/* End PBXResourcesBuildPhase section */

/* Begin PBXShellScriptBuildPhase section */
		3CED80AF24FCCB005BCD3BF5 /* [CP] Embed Pods Frameworks */ = {
			isa = PBXShellScriptBuildPhase;
			buildActionMask = 2147483647;
			files = (
			);
			inputPaths = (
			);
			name = "[CP] Embed Pods Frameworks";
			outputPaths = (
			);
			runOnlyForDeploymentPostprocessing = 0;
			shellPath = /bin/sh;
			shellScript = "\"${SRCROOT}/Pods/Target Support Files/Pods-ProductList/Pods-ProductList-frameworks.sh\"\n";
			showEnvVarsInLog = 0;
		};
		7C63BA3A0FF5CA699E2F2B1F /* [CP] Copy Pods Resources */ = {
			isa = PBXShellScriptBuildPhase;
			buildActionMask = 2147483647;
			files = (
			);
			inputPaths = (
			);
			name = "[CP] Copy Pods Resources";
			outputPaths = (
			);
			runOnlyForDeploymentPostprocessing = 0;
			shellPath = /bin/sh;
			shellScript = "\"${SRCROOT}/Pods/Target Support Files/Pods-ProductList/Pods-ProductList-resources.sh\"\n";
			showEnvVarsInLog = 0;
		};
		AB74F9AD450455ACE0FFFF65 /* [CP] Check Pods Manifest.lock */ = {
			isa = PBXShellScriptBuildPhase;
			buildActionMask = 2147483647;
			files = (
			);
			inputPaths = (
			);
			name = "[CP] Check Pods Manifest.lock";
			outputPaths = (
			);
			runOnlyForDeploymentPostprocessing = 0;
			shellPath = /bin/sh;
			shellScript = "diff \"${PODS_PODFILE_DIR_PATH}/Podfile.lock\" \"${PODS_ROOT}/Manifest.lock\" > /dev/null\nif [ $? != 0 ] ; then\n    # print error to STDERR\n    echo \"error: The sandbox is not in sync with the Podfile.lock. Run 'pod install' or update your CocoaPods installation.\" >&2\n    exit 1\nfi\n";
			showEnvVarsInLog = 0;
		};
/* End PBXShellScriptBuildPhase section */

/* Begin PBXSourcesBuildPhase section */
		328E05C31F31F33400D9824F /* Sources */ = {
			isa = PBXSourcesBuildPhase;
			buildActionMask = 2147483647;
			files = (
				328E05CD1F31F33400D9824F /* ViewController.swift in Sources */,
				32473D7D1F335B6F005C7BB9 /* ProductModelRealm.swift in Sources */,
				32516C2B1F39C68A0099EFF8 /* ListsLists.swift in Sources */,
				32871D6B1F38A9CF006E6942 /* ButtonCorner.swift in Sources */,
				328E05CB1F31F33400D9824F /* AppDelegate.swift in Sources */,
				32871D681F388F6C006E6942 /* List.swift in Sources */,
				32473D7B1F33563C005C7BB9 /* GroupModelRealm.swift in Sources */,
			);
			runOnlyForDeploymentPostprocessing = 0;
		};
/* End PBXSourcesBuildPhase section */

/* Begin PBXVariantGroup section */
		328E05CE1F31F33500D9824F /* Main.storyboard */ = {
			isa = PBXVariantGroup;
			children = (
				328E05CF1F31F33500D9824F /* Base */,
			);
			name = Main.storyboard;
			sourceTree = "<group>";
		};
		328E05D31F31F33500D9824F /* LaunchScreen.storyboard */ = {
			isa = PBXVariantGroup;
			children = (
				328E05D41F31F33500D9824F /* Base */,
			);
			name = LaunchScreen.storyboard;
			sourceTree = "<group>";
		};
/* End PBXVariantGroup section */

/* Begin XCBuildConfiguration section */
		328E05D71F31F33500D9824F /* Debug */ = {
			isa = XCBuildConfiguration;
			buildSettings = {
				ALWAYS_SEARCH_USER_PATHS = NO;
				CLANG_ANALYZER_NONNULL = YES;
				CLANG_ANALYZER_NUMBER_OBJECT_CONVERSION = YES_AGGRESSIVE;
				CLANG_CXX_LANGUAGE_STANDARD = "gnu++0x";
				CLANG_CXX_LIBRARY = "libc++";
				CLANG_ENABLE_MODULES = YES;
				CLANG_ENABLE_OBJC_ARC = YES;
				CLANG_WARN_BOOL_CONVERSION = YES;
				CLANG_WARN_CONSTANT_CONVERSION = YES;
				CLANG_WARN_DIRECT_OBJC_ISA_USAGE = YES_ERROR;
				CLANG_WARN_DOCUMENTATION_COMMENTS = YES;
				CLANG_WARN_EMPTY_BODY = YES;
				CLANG_WARN_ENUM_CONVERSION = YES;
				CLANG_WARN_INFINITE_RECURSION = YES;
				CLANG_WARN_INT_CONVERSION = YES;
				CLANG_WARN_OBJC_ROOT_CLASS = YES_ERROR;
				CLANG_WARN_SUSPICIOUS_MOVE = YES;
				CLANG_WARN_UNREACHABLE_CODE = YES;
				CLANG_WARN__DUPLICATE_METHOD_MATCH = YES;
				"CODE_SIGN_IDENTITY[sdk=iphoneos*]" = "iPhone Developer";
				COPY_PHASE_STRIP = NO;
				DEBUG_INFORMATION_FORMAT = dwarf;
				ENABLE_STRICT_OBJC_MSGSEND = YES;
				ENABLE_TESTABILITY = YES;
				GCC_C_LANGUAGE_STANDARD = gnu99;
				GCC_DYNAMIC_NO_PIC = NO;
				GCC_NO_COMMON_BLOCKS = YES;
				GCC_OPTIMIZATION_LEVEL = 0;
				GCC_PREPROCESSOR_DEFINITIONS = (
					"DEBUG=1",
					"$(inherited)",
				);
				GCC_WARN_64_TO_32_BIT_CONVERSION = YES;
				GCC_WARN_ABOUT_RETURN_TYPE = YES_ERROR;
				GCC_WARN_UNDECLARED_SELECTOR = YES;
				GCC_WARN_UNINITIALIZED_AUTOS = YES_AGGRESSIVE;
				GCC_WARN_UNUSED_FUNCTION = YES;
				GCC_WARN_UNUSED_VARIABLE = YES;
				IPHONEOS_DEPLOYMENT_TARGET = 10.3;
				MTL_ENABLE_DEBUG_INFO = YES;
				ONLY_ACTIVE_ARCH = YES;
				SDKROOT = iphoneos;
				SWIFT_ACTIVE_COMPILATION_CONDITIONS = DEBUG;
				SWIFT_OPTIMIZATION_LEVEL = "-Onone";
				TARGETED_DEVICE_FAMILY = "1,2";
			};
			name = Debug;
		};
		328E05D81F31F33500D9824F /* Release */ = {
			isa = XCBuildConfiguration;
			buildSettings = {
				ALWAYS_SEARCH_USER_PATHS = NO;
				CLANG_ANALYZER_NONNULL = YES;
				CLANG_ANALYZER_NUMBER_OBJECT_CONVERSION = YES_AGGRESSIVE;
				CLANG_CXX_LANGUAGE_STANDARD = "gnu++0x";
				CLANG_CXX_LIBRARY = "libc++";
				CLANG_ENABLE_MODULES = YES;
				CLANG_ENABLE_OBJC_ARC = YES;
				CLANG_WARN_BOOL_CONVERSION = YES;
				CLANG_WARN_CONSTANT_CONVERSION = YES;
				CLANG_WARN_DIRECT_OBJC_ISA_USAGE = YES_ERROR;
				CLANG_WARN_DOCUMENTATION_COMMENTS = YES;
				CLANG_WARN_EMPTY_BODY = YES;
				CLANG_WARN_ENUM_CONVERSION = YES;
				CLANG_WARN_INFINITE_RECURSION = YES;
				CLANG_WARN_INT_CONVERSION = YES;
				CLANG_WARN_OBJC_ROOT_CLASS = YES_ERROR;
				CLANG_WARN_SUSPICIOUS_MOVE = YES;
				CLANG_WARN_UNREACHABLE_CODE = YES;
				CLANG_WARN__DUPLICATE_METHOD_MATCH = YES;
				"CODE_SIGN_IDENTITY[sdk=iphoneos*]" = "iPhone Developer";
				COPY_PHASE_STRIP = NO;
				DEBUG_INFORMATION_FORMAT = "dwarf-with-dsym";
				ENABLE_NS_ASSERTIONS = NO;
				ENABLE_STRICT_OBJC_MSGSEND = YES;
				GCC_C_LANGUAGE_STANDARD = gnu99;
				GCC_NO_COMMON_BLOCKS = YES;
				GCC_WARN_64_TO_32_BIT_CONVERSION = YES;
				GCC_WARN_ABOUT_RETURN_TYPE = YES_ERROR;
				GCC_WARN_UNDECLARED_SELECTOR = YES;
				GCC_WARN_UNINITIALIZED_AUTOS = YES_AGGRESSIVE;
				GCC_WARN_UNUSED_FUNCTION = YES;
				GCC_WARN_UNUSED_VARIABLE = YES;
				IPHONEOS_DEPLOYMENT_TARGET = 10.3;
				MTL_ENABLE_DEBUG_INFO = NO;
				SDKROOT = iphoneos;
				SWIFT_OPTIMIZATION_LEVEL = "-Owholemodule";
				TARGETED_DEVICE_FAMILY = "1,2";
				VALIDATE_PRODUCT = YES;
			};
			name = Release;
		};
		328E05DA1F31F33500D9824F /* Debug */ = {
			isa = XCBuildConfiguration;
			baseConfigurationReference = 56AAE617404DD5A8A31CDA28 /* Pods-ProductList.debug.xcconfig */;
			buildSettings = {
				ASSETCATALOG_COMPILER_APPICON_NAME = AppIcon;
				INFOPLIST_FILE = ProductList/Info.plist;
				LD_RUNPATH_SEARCH_PATHS = "$(inherited) @executable_path/Frameworks";
				PRODUCT_BUNDLE_IDENTIFIER = "Koliush-Dmitry.ProductList";
				PRODUCT_NAME = "$(TARGET_NAME)";
				SWIFT_VERSION = 3.0;
			};
			name = Debug;
		};
		328E05DB1F31F33500D9824F /* Release */ = {
			isa = XCBuildConfiguration;
			baseConfigurationReference = 4D7BE87EAEED1A5C3BD82EDF /* Pods-ProductList.release.xcconfig */;
			buildSettings = {
				ASSETCATALOG_COMPILER_APPICON_NAME = AppIcon;
				INFOPLIST_FILE = ProductList/Info.plist;
				LD_RUNPATH_SEARCH_PATHS = "$(inherited) @executable_path/Frameworks";
				PRODUCT_BUNDLE_IDENTIFIER = "Koliush-Dmitry.ProductList";
				PRODUCT_NAME = "$(TARGET_NAME)";
				SWIFT_VERSION = 3.0;
			};
			name = Release;
		};
/* End XCBuildConfiguration section */

/* Begin XCConfigurationList section */
		328E05C21F31F33300D9824F /* Build configuration list for PBXProject "ProductList" */ = {
			isa = XCConfigurationList;
			buildConfigurations = (
				328E05D71F31F33500D9824F /* Debug */,
				328E05D81F31F33500D9824F /* Release */,
			);
			defaultConfigurationIsVisible = 0;
			defaultConfigurationName = Release;
		};
		328E05D91F31F33500D9824F /* Build configuration list for PBXNativeTarget "ProductList" */ = {
			isa = XCConfigurationList;
			buildConfigurations = (
				328E05DA1F31F33500D9824F /* Debug */,
				328E05DB1F31F33500D9824F /* Release */,
			);
			defaultConfigurationIsVisible = 0;
			defaultConfigurationName = Release;
		};
/* End XCConfigurationList section */
	};
	rootObject = 328E05BF1F31F33300D9824F /* Project object */;
}
